
Microsoft Visual Studio Solution File, Format Version 12.00
# Visual Studio Version 16
VisualStudioVersion = 16.0.31105.61
MinimumVisualStudioVersion = 10.0.40219.1
Project("{FAE04EC0-301F-11D3-BF4B-00C04F79EFBC}") = "Keshishyan№13", "Keshishyan№13\Keshishyan№13.csproj", "{48A93AF8-6B18-41C7-A545-C8DC80C13BC4}"
EndProject
Global
	GlobalSection(SolutionConfigurationPlatforms) = preSolution
		Debug|Any CPU = Debug|Any CPU
		Release|Any CPU = Release|Any CPU
	EndGlobalSection
	GlobalSection(ProjectConfigurationPlatforms) = postSolution
		{48A93AF8-6B18-41C7-A545-C8DC80C13BC4}.Debug|Any CPU.ActiveCfg = Debug|Any CPU
		{48A93AF8-6B18-41C7-A545-C8DC80C13BC4}.Debug|Any CPU.Build.0 = Debug|Any CPU
		{48A93AF8-6B18-41C7-A545-C8DC80C13BC4}.Release|Any CPU.ActiveCfg = Release|Any CPU
		{48A93AF8-6B18-41C7-A545-C8DC80C13BC4}.Release|Any CPU.Build.0 = Release|Any CPU
	EndGlobalSection
	GlobalSection(SolutionProperties) = preSolution
		HideSolutionNode = FALSE
	EndGlobalSection
	GlobalSection(ExtensibilityGlobals) = postSolution
		SolutionGuid = {73C47DC4-116D-4F5F-AE1E-A0CA11D5D20C}
	EndGlobalSection
EndGlobal
